
Microsoft Visual Studio Solution File, Format Version 12.00
# Visual Studio Version 17
VisualStudioVersion = 17.3.32922.545
MinimumVisualStudioVersion = 10.0.40219.1
Project("{FAE04EC0-301F-11D3-BF4B-00C04F79EFBC}") = "ClubeCampestre_WebAPI", "ClubeCampestre_WebAPI.csproj", "{2162978E-784C-4D9A-862A-8AFD90E28152}"
EndProject
Global
	GlobalSection(SolutionConfigurationPlatforms) = preSolution
		Debug|Any CPU = Debug|Any CPU
		Release|Any CPU = Release|Any CPU
	EndGlobalSection
	GlobalSection(ProjectConfigurationPlatforms) = postSolution
		{2162978E-784C-4D9A-862A-8AFD90E28152}.Debug|Any CPU.ActiveCfg = Debug|Any CPU
		{2162978E-784C-4D9A-862A-8AFD90E28152}.Debug|Any CPU.Build.0 = Debug|Any CPU
		{2162978E-784C-4D9A-862A-8AFD90E28152}.Release|Any CPU.ActiveCfg = Release|Any CPU
		{2162978E-784C-4D9A-862A-8AFD90E28152}.Release|Any CPU.Build.0 = Release|Any CPU
	EndGlobalSection
	GlobalSection(SolutionProperties) = preSolution
		HideSolutionNode = FALSE
	EndGlobalSection
	GlobalSection(ExtensibilityGlobals) = postSolution
		SolutionGuid = {D05C4CE1-8A2A-4E7E-9C55-A68B5642D275}
	EndGlobalSection
EndGlobal
